// !$*UTF8*$!
{
	archiveVersion = 1;
	classes = {
	};
	objectVersion = 55;
	objects = {

/* Begin PBXBuildFile section */
		1A59D841290EAFBA00C71619 /* AppDelegate.swift in Sources */ = {isa = PBXBuildFile; fileRef = 1A59D840290EAFBA00C71619 /* AppDelegate.swift */; };
		1A59D843290EAFBA00C71619 /* SceneDelegate.swift in Sources */ = {isa = PBXBuildFile; fileRef = 1A59D842290EAFBA00C71619 /* SceneDelegate.swift */; };
		1A59D845290EAFBA00C71619 /* ViewController.swift in Sources */ = {isa = PBXBuildFile; fileRef = 1A59D844290EAFBA00C71619 /* ViewController.swift */; };
		1A59D84A290EAFBB00C71619 /* Assets.xcassets in Resources */ = {isa = PBXBuildFile; fileRef = 1A59D849290EAFBB00C71619 /* Assets.xcassets */; };
		1A59D84D290EAFBB00C71619 /* LaunchScreen.storyboard in Resources */ = {isa = PBXBuildFile; fileRef = 1A59D84B290EAFBB00C71619 /* LaunchScreen.storyboard */; };
		1A59D856290EC48B00C71619 /* User.swift in Sources */ = {isa = PBXBuildFile; fileRef = 1A59D855290EC48B00C71619 /* User.swift */; };
		1A59D85B290EC67900C71619 /* APIManager.swift in Sources */ = {isa = PBXBuildFile; fileRef = 1A59D85A290EC67900C71619 /* APIManager.swift */; };
		1AAE09C22910620500CCD673 /* UserViewModel.swift in Sources */ = {isa = PBXBuildFile; fileRef = 1AAE09C12910620500CCD673 /* UserViewModel.swift */; };
		1AAE09C429108B5E00CCD673 /* UserViewModelDelegate.swift in Sources */ = {isa = PBXBuildFile; fileRef = 1AAE09C329108B5E00CCD673 /* UserViewModelDelegate.swift */; };
/* End PBXBuildFile section */

/* Begin PBXFileReference section */
		1A59D83D290EAFBA00C71619 /* ProtocolOrientedApp.app */ = {isa = PBXFileReference; explicitFileType = wrapper.application; includeInIndex = 0; path = ProtocolOrientedApp.app; sourceTree = BUILT_PRODUCTS_DIR; };
		1A59D840290EAFBA00C71619 /* AppDelegate.swift */ = {isa = PBXFileReference; lastKnownFileType = sourcecode.swift; path = AppDelegate.swift; sourceTree = "<group>"; };
		1A59D842290EAFBA00C71619 /* SceneDelegate.swift */ = {isa = PBXFileReference; lastKnownFileType = sourcecode.swift; path = SceneDelegate.swift; sourceTree = "<group>"; };
		1A59D844290EAFBA00C71619 /* ViewController.swift */ = {isa = PBXFileReference; lastKnownFileType = sourcecode.swift; path = ViewController.swift; sourceTree = "<group>"; };
		1A59D849290EAFBB00C71619 /* Assets.xcassets */ = {isa = PBXFileReference; lastKnownFileType = folder.assetcatalog; path = Assets.xcassets; sourceTree = "<group>"; };
		1A59D84C290EAFBB00C71619 /* Base */ = {isa = PBXFileReference; lastKnownFileType = file.storyboard; name = Base; path = Base.lproj/LaunchScreen.storyboard; sourceTree = "<group>"; };
		1A59D84E290EAFBB00C71619 /* Info.plist */ = {isa = PBXFileReference; lastKnownFileType = text.plist.xml; path = Info.plist; sourceTree = "<group>"; };
		1A59D855290EC48B00C71619 /* User.swift */ = {isa = PBXFileReference; lastKnownFileType = sourcecode.swift; path = User.swift; sourceTree = "<group>"; };
		1A59D85A290EC67900C71619 /* APIManager.swift */ = {isa = PBXFileReference; lastKnownFileType = sourcecode.swift; path = APIManager.swift; sourceTree = "<group>"; };
		1AAE09C12910620500CCD673 /* UserViewModel.swift */ = {isa = PBXFileReference; lastKnownFileType = sourcecode.swift; path = UserViewModel.swift; sourceTree = "<group>"; };
		1AAE09C329108B5E00CCD673 /* UserViewModelDelegate.swift */ = {isa = PBXFileReference; lastKnownFileType = sourcecode.swift; path = UserViewModelDelegate.swift; sourceTree = "<group>"; };
/* End PBXFileReference section */

/* Begin PBXFrameworksBuildPhase section */
		1A59D83A290EAFBA00C71619 /* Frameworks */ = {
			isa = PBXFrameworksBuildPhase;
			buildActionMask = 2147483647;
			files = (
			);
			runOnlyForDeploymentPostprocessing = 0;
		};
/* End PBXFrameworksBuildPhase section */

/* Begin PBXGroup section */
		1A59D834290EAFBA00C71619 = {
			isa = PBXGroup;
			children = (
				1A59D83F290EAFBA00C71619 /* ProtocolOrientedApp */,
				1A59D83E290EAFBA00C71619 /* Products */,
			);
			sourceTree = "<group>";
		};
		1A59D83E290EAFBA00C71619 /* Products */ = {
			isa = PBXGroup;
			children = (
				1A59D83D290EAFBA00C71619 /* ProtocolOrientedApp.app */,
			);
			name = Products;
			sourceTree = "<group>";
		};
		1A59D83F290EAFBA00C71619 /* ProtocolOrientedApp */ = {
			isa = PBXGroup;
			children = (
				1AAE09C0291061F900CCD673 /* ViewModel */,
				1A59D857290EC59C00C71619 /* Service */,
				1A59D854290EC40D00C71619 /* Model */,
				1A59D840290EAFBA00C71619 /* AppDelegate.swift */,
				1A59D842290EAFBA00C71619 /* SceneDelegate.swift */,
				1A59D844290EAFBA00C71619 /* ViewController.swift */,
				1A59D849290EAFBB00C71619 /* Assets.xcassets */,
				1A59D84B290EAFBB00C71619 /* LaunchScreen.storyboard */,
				1A59D84E290EAFBB00C71619 /* Info.plist */,
			);
			path = ProtocolOrientedApp;
			sourceTree = "<group>";
		};
		1A59D854290EC40D00C71619 /* Model */ = {
			isa = PBXGroup;
			children = (
				1A59D855290EC48B00C71619 /* User.swift */,
			);
			path = Model;
			sourceTree = "<group>";
		};
		1A59D857290EC59C00C71619 /* Service */ = {
			isa = PBXGroup;
			children = (
				1A59D85A290EC67900C71619 /* APIManager.swift */,
			);
			path = Service;
			sourceTree = "<group>";
		};
		1AAE09C0291061F900CCD673 /* ViewModel */ = {
			isa = PBXGroup;
			children = (
				1AAE09C12910620500CCD673 /* UserViewModel.swift */,
				1AAE09C329108B5E00CCD673 /* UserViewModelDelegate.swift */,
			);
			path = ViewModel;
			sourceTree = "<group>";
		};
/* End PBXGroup section */

/* Begin PBXNativeTarget section */
		1A59D83C290EAFBA00C71619 /* ProtocolOrientedApp */ = {
			isa = PBXNativeTarget;
			buildConfigurationList = 1A59D851290EAFBB00C71619 /* Build configuration list for PBXNativeTarget "ProtocolOrientedApp" */;
			buildPhases = (
				1A59D839290EAFBA00C71619 /* Sources */,
				1A59D83A290EAFBA00C71619 /* Frameworks */,
				1A59D83B290EAFBA00C71619 /* Resources */,
			);
			buildRules = (
			);
			dependencies = (
			);
			name = ProtocolOrientedApp;
			productName = ProtocolOrientedApp;
			productReference = 1A59D83D290EAFBA00C71619 /* ProtocolOrientedApp.app */;
			productType = "com.apple.product-type.application";
		};
/* End PBXNativeTarget section */

/* Begin PBXProject section */
		1A59D835290EAFBA00C71619 /* Project object */ = {
			isa = PBXProject;
			attributes = {
				BuildIndependentTargetsInParallel = 1;
				LastSwiftUpdateCheck = 1340;
				LastUpgradeCheck = 1340;
				TargetAttributes = {
					1A59D83C290EAFBA00C71619 = {
						CreatedOnToolsVersion = 13.4.1;
					};
				};
			};
			buildConfigurationList = 1A59D838290EAFBA00C71619 /* Build configuration list for PBXProject "ProtocolOrientedApp" */;
			compatibilityVersion = "Xcode 13.0";
			developmentRegion = en;
			hasScannedForEncodings = 0;
			knownRegions = (
				en,
				Base,
			);
			mainGroup = 1A59D834290EAFBA00C71619;
			productRefGroup = 1A59D83E290EAFBA00C71619 /* Products */;
			projectDirPath = "";
			projectRoot = "";
			targets = (
				1A59D83C290EAFBA00C71619 /* ProtocolOrientedApp */,
			);
		};
/* End PBXProject section */

/* Begin PBXResourcesBuildPhase section */
		1A59D83B290EAFBA00C71619 /* Resources */ = {
			isa = PBXResourcesBuildPhase;
			buildActionMask = 2147483647;
			files = (
				1A59D84D290EAFBB00C71619 /* LaunchScreen.storyboard in Resources */,
				1A59D84A290EAFBB00C71619 /* Assets.xcassets in Resources */,
			);
			runOnlyForDeploymentPostprocessing = 0;
		};
/* End PBXResourcesBuildPhase section */

/* Begin PBXSourcesBuildPhase section */
		1A59D839290EAFBA00C71619 /* Sources */ = {
			isa = PBXSourcesBuildPhase;
			buildActionMask = 2147483647;
			files = (
				1A59D856290EC48B00C71619 /* User.swift in Sources */,
				1AAE09C22910620500CCD673 /* UserViewModel.swift in Sources */,
				1A59D845290EAFBA00C71619 /* ViewController.swift in Sources */,
				1A59D85B290EC67900C71619 /* APIManager.swift in Sources */,
				1AAE09C429108B5E00CCD673 /* UserViewModelDelegate.swift in Sources */,
				1A59D841290EAFBA00C71619 /* AppDelegate.swift in Sources */,
				1A59D843290EAFBA00C71619 /* SceneDelegate.swift in Sources */,
			);
			runOnlyForDeploymentPostprocessing = 0;
		};
/* End PBXSourcesBuildPhase section */

/* Begin PBXVariantGroup section */
		1A59D84B290EAFBB00C71619 /* LaunchScreen.storyboard */ = {
			isa = PBXVariantGroup;
			children = (
				1A59D84C290EAFBB00C71619 /* Base */,
			);
			name = LaunchScreen.storyboard;
			sourceTree = "<group>";
		};
/* End PBXVariantGroup section */

/* Begin XCBuildConfiguration section */
		1A59D84F290EAFBB00C71619 /* Debug */ = {
			isa = XCBuildConfiguration;
			buildSettings = {
				ALWAYS_SEARCH_USER_PATHS = NO;
				CLANG_ANALYZER_NONNULL = YES;
				CLANG_ANALYZER_NUMBER_OBJECT_CONVERSION = YES_AGGRESSIVE;
				CLANG_CXX_LANGUAGE_STANDARD = "gnu++17";
				CLANG_ENABLE_MODULES = YES;
				CLANG_ENABLE_OBJC_ARC = YES;
				CLANG_ENABLE_OBJC_WEAK = YES;
				CLANG_WARN_BLOCK_CAPTURE_AUTORELEASING = YES;
				CLANG_WARN_BOOL_CONVERSION = YES;
				CLANG_WARN_COMMA = YES;
				CLANG_WARN_CONSTANT_CONVERSION = YES;
				CLANG_WARN_DEPRECATED_OBJC_IMPLEMENTATIONS = YES;
				CLANG_WARN_DIRECT_OBJC_ISA_USAGE = YES_ERROR;
				CLANG_WARN_DOCUMENTATION_COMMENTS = YES;
				CLANG_WARN_EMPTY_BODY = YES;
				CLANG_WARN_ENUM_CONVERSION = YES;
				CLANG_WARN_INFINITE_RECURSION = YES;
				CLANG_WARN_INT_CONVERSION = YES;
				CLANG_WARN_NON_LITERAL_NULL_CONVERSION = YES;
				CLANG_WARN_OBJC_IMPLICIT_RETAIN_SELF = YES;
				CLANG_WARN_OBJC_LITERAL_CONVERSION = YES;
				CLANG_WARN_OBJC_ROOT_CLASS = YES_ERROR;
				CLANG_WARN_QUOTED_INCLUDE_IN_FRAMEWORK_HEADER = YES;
				CLANG_WARN_RANGE_LOOP_ANALYSIS = YES;
				CLANG_WARN_STRICT_PROTOTYPES = YES;
				CLANG_WARN_SUSPICIOUS_MOVE = YES;
				CLANG_WARN_UNGUARDED_AVAILABILITY = YES_AGGRESSIVE;
				CLANG_WARN_UNREACHABLE_CODE = YES;
				CLANG_WARN__DUPLICATE_METHOD_MATCH = YES;
				COPY_PHASE_STRIP = NO;
				DEBUG_INFORMATION_FORMAT = dwarf;
				ENABLE_STRICT_OBJC_MSGSEND = YES;
				ENABLE_TESTABILITY = YES;
				GCC_C_LANGUAGE_STANDARD = gnu11;
				GCC_DYNAMIC_NO_PIC = NO;
				GCC_NO_COMMON_BLOCKS = YES;
				GCC_OPTIMIZATION_LEVEL = 0;
				GCC_PREPROCESSOR_DEFINITIONS = (
					"DEBUG=1",
					"$(inherited)",
				);
				GCC_WARN_64_TO_32_BIT_CONVERSION = YES;
				GCC_WARN_ABOUT_RETURN_TYPE = YES_ERROR;
				GCC_WARN_UNDECLARED_SELECTOR = YES;
				GCC_WARN_UNINITIALIZED_AUTOS = YES_AGGRESSIVE;
				GCC_WARN_UNUSED_FUNCTION = YES;
				GCC_WARN_UNUSED_VARIABLE = YES;
				IPHONEOS_DEPLOYMENT_TARGET = 15.5;
				MTL_ENABLE_DEBUG_INFO = INCLUDE_SOURCE;
				MTL_FAST_MATH = YES;
				ONLY_ACTIVE_ARCH = YES;
				SDKROOT = iphoneos;
				SWIFT_ACTIVE_COMPILATION_CONDITIONS = DEBUG;
				SWIFT_OPTIMIZATION_LEVEL = "-Onone";
			};
			name = Debug;
		};
		1A59D850290EAFBB00C71619 /* Release */ = {
			isa = XCBuildConfiguration;
			buildSettings = {
				ALWAYS_SEARCH_USER_PATHS = NO;
				CLANG_ANALYZER_NONNULL = YES;
				CLANG_ANALYZER_NUMBER_OBJECT_CONVERSION = YES_AGGRESSIVE;
				CLANG_CXX_LANGUAGE_STANDARD = "gnu++17";
				CLANG_ENABLE_MODULES = YES;
				CLANG_ENABLE_OBJC_ARC = YES;
				CLANG_ENABLE_OBJC_WEAK = YES;
				CLANG_WARN_BLOCK_CAPTURE_AUTORELEASING = YES;
				CLANG_WARN_BOOL_CONVERSION = YES;
				CLANG_WARN_COMMA = YES;
				CLANG_WARN_CONSTANT_CONVERSION = YES;
				CLANG_WARN_DEPRECATED_OBJC_IMPLEMENTATIONS = YES;
				CLANG_WARN_DIRECT_OBJC_ISA_USAGE = YES_ERROR;
				CLANG_WARN_DOCUMENTATION_COMMENTS = YES;
				CLANG_WARN_EMPTY_BODY = YES;
				CLANG_WARN_ENUM_CONVERSION = YES;
				CLANG_WARN_INFINITE_RECURSION = YES;
				CLANG_WARN_INT_CONVERSION = YES;
				CLANG_WARN_NON_LITERAL_NULL_CONVERSION = YES;
				CLANG_WARN_OBJC_IMPLICIT_RETAIN_SELF = YES;
				CLANG_WARN_OBJC_LITERAL_CONVERSION = YES;
				CLANG_WARN_OBJC_ROOT_CLASS = YES_ERROR;
				CLANG_WARN_QUOTED_INCLUDE_IN_FRAMEWORK_HEADER = YES;
				CLANG_WARN_RANGE_LOOP_ANALYSIS = YES;
				CLANG_WARN_STRICT_PROTOTYPES = YES;
				CLANG_WARN_SUSPICIOUS_MOVE = YES;
				CLANG_WARN_UNGUARDED_AVAILABILITY = YES_AGGRESSIVE;
				CLANG_WARN_UNREACHABLE_CODE = YES;
				CLANG_WARN__DUPLICATE_METHOD_MATCH = YES;
				COPY_PHASE_STRIP = NO;
				DEBUG_INFORMATION_FORMAT = "dwarf-with-dsym";
				ENABLE_NS_ASSERTIONS = NO;
				ENABLE_STRICT_OBJC_MSGSEND = YES;
				GCC_C_LANGUAGE_STANDARD = gnu11;
				GCC_NO_COMMON_BLOCKS = YES;
				GCC_WARN_64_TO_32_BIT_CONVERSION = YES;
				GCC_WARN_ABOUT_RETURN_TYPE = YES_ERROR;
				GCC_WARN_UNDECLARED_SELECTOR = YES;
				GCC_WARN_UNINITIALIZED_AUTOS = YES_AGGRESSIVE;
				GCC_WARN_UNUSED_FUNCTION = YES;
				GCC_WARN_UNUSED_VARIABLE = YES;
				IPHONEOS_DEPLOYMENT_TARGET = 15.5;
				MTL_ENABLE_DEBUG_INFO = NO;
				MTL_FAST_MATH = YES;
				SDKROOT = iphoneos;
				SWIFT_COMPILATION_MODE = wholemodule;
				SWIFT_OPTIMIZATION_LEVEL = "-O";
				VALIDATE_PRODUCT = YES;
			};
			name = Release;
		};
		1A59D852290EAFBB00C71619 /* Debug */ = {
			isa = XCBuildConfiguration;
			buildSettings = {
				ASSETCATALOG_COMPILER_APPICON_NAME = AppIcon;
				ASSETCATALOG_COMPILER_GLOBAL_ACCENT_COLOR_NAME = AccentColor;
				CODE_SIGN_STYLE = Automatic;
				CURRENT_PROJECT_VERSION = 1;
				DEVELOPMENT_TEAM = CQG7337NDP;
				GENERATE_INFOPLIST_FILE = YES;
				INFOPLIST_FILE = ProtocolOrientedApp/Info.plist;
				INFOPLIST_KEY_UIApplicationSupportsIndirectInputEvents = YES;
				INFOPLIST_KEY_UILaunchStoryboardName = LaunchScreen;
				INFOPLIST_KEY_UISupportedInterfaceOrientations_iPad = "UIInterfaceOrientationPortrait UIInterfaceOrientationPortraitUpsideDown UIInterfaceOrientationLandscapeLeft UIInterfaceOrientationLandscapeRight";
				INFOPLIST_KEY_UISupportedInterfaceOrientations_iPhone = "UIInterfaceOrientationPortrait UIInterfaceOrientationLandscapeLeft UIInterfaceOrientationLandscapeRight";
				LD_RUNPATH_SEARCH_PATHS = (
					"$(inherited)",
					"@executable_path/Frameworks",
				);
				MARKETING_VERSION = 1.0;
				PRODUCT_BUNDLE_IDENTIFIER = com.umuterturk.ProtocolOrientedApp;
				PRODUCT_NAME = "$(TARGET_NAME)";
				SWIFT_EMIT_LOC_STRINGS = YES;
				SWIFT_VERSION = 5.0;
				TARGETED_DEVICE_FAMILY = "1,2";
			};
			name = Debug;
		};
		1A59D853290EAFBB00C71619 /* Release */ = {
			isa = XCBuildConfiguration;
			buildSettings = {
				ASSETCATALOG_COMPILER_APPICON_NAME = AppIcon;
				ASSETCATALOG_COMPILER_GLOBAL_ACCENT_COLOR_NAME = AccentColor;
				CODE_SIGN_STYLE = Automatic;
				CURRENT_PROJECT_VERSION = 1;
				DEVELOPMENT_TEAM = CQG7337NDP;
				GENERATE_INFOPLIST_FILE = YES;
				INFOPLIST_FILE = ProtocolOrientedApp/Info.plist;
				INFOPLIST_KEY_UIApplicationSupportsIndirectInputEvents = YES;
				INFOPLIST_KEY_UILaunchStoryboardName = LaunchScreen;
				INFOPLIST_KEY_UISupportedInterfaceOrientations_iPad = "UIInterfaceOrientationPortrait UIInterfaceOrientationPortraitUpsideDown UIInterfaceOrientationLandscapeLeft UIInterfaceOrientationLandscapeRight";
				INFOPLIST_KEY_UISupportedInterfaceOrientations_iPhone = "UIInterfaceOrientationPortrait UIInterfaceOrientationLandscapeLeft UIInterfaceOrientationLandscapeRight";
				LD_RUNPATH_SEARCH_PATHS = (
					"$(inherited)",
					"@executable_path/Frameworks",
				);
				MARKETING_VERSION = 1.0;
				PRODUCT_BUNDLE_IDENTIFIER = com.umuterturk.ProtocolOrientedApp;
				PRODUCT_NAME = "$(TARGET_NAME)";
				SWIFT_EMIT_LOC_STRINGS = YES;
				SWIFT_VERSION = 5.0;
				TARGETED_DEVICE_FAMILY = "1,2";
			};
			name = Release;
		};
/* End XCBuildConfiguration section */

/* Begin XCConfigurationList section */
		1A59D838290EAFBA00C71619 /* Build configuration list for PBXProject "ProtocolOrientedApp" */ = {
			isa = XCConfigurationList;
			buildConfigurations = (
				1A59D84F290EAFBB00C71619 /* Debug */,
				1A59D850290EAFBB00C71619 /* Release */,
			);
			defaultConfigurationIsVisible = 0;
			defaultConfigurationName = Release;
		};
		1A59D851290EAFBB00C71619 /* Build configuration list for PBXNativeTarget "ProtocolOrientedApp" */ = {
			isa = XCConfigurationList;
			buildConfigurations = (
				1A59D852290EAFBB00C71619 /* Debug */,
				1A59D853290EAFBB00C71619 /* Release */,
			);
			defaultConfigurationIsVisible = 0;
			defaultConfigurationName = Release;
		};
/* End XCConfigurationList section */
	};
	rootObject = 1A59D835290EAFBA00C71619 /* Project object */;
}
